
Microsoft Visual Studio Solution File, Format Version 12.00
# Visual Studio Version 16
VisualStudioVersion = 16.0.30114.105
MinimumVisualStudioVersion = 10.0.40219.1
Project("{9A19103F-16F7-4668-BE54-9A1E7A4F7556}") = "Adesso.HomeTask.MathLib", "Adesso.HomeTask.MathLib\Adesso.HomeTask.MathLib.csproj", "{432F8576-759D-4046-A779-DB7A44F20729}"
EndProject
Project("{FAE04EC0-301F-11D3-BF4B-00C04F79EFBC}") = "Adesso.HomeTask.MathLib.Tests", "Adesso.HomeTask.MathLib.Tests\Adesso.HomeTask.MathLib.Tests.csproj", "{23B95052-B6A3-4281-94E1-7203CBF00FDE}"
EndProject
Global
	GlobalSection(SolutionConfigurationPlatforms) = preSolution
		Debug|Any CPU = Debug|Any CPU
		Debug|x64 = Debug|x64
		Debug|x86 = Debug|x86
		Release|Any CPU = Release|Any CPU
		Release|x64 = Release|x64
		Release|x86 = Release|x86
	EndGlobalSection
	GlobalSection(ProjectConfigurationPlatforms) = postSolution
		{432F8576-759D-4046-A779-DB7A44F20729}.Debug|Any CPU.ActiveCfg = Debug|Any CPU
		{432F8576-759D-4046-A779-DB7A44F20729}.Debug|Any CPU.Build.0 = Debug|Any CPU
		{432F8576-759D-4046-A779-DB7A44F20729}.Debug|x64.ActiveCfg = Debug|Any CPU
		{432F8576-759D-4046-A779-DB7A44F20729}.Debug|x64.Build.0 = Debug|Any CPU
		{432F8576-759D-4046-A779-DB7A44F20729}.Debug|x86.ActiveCfg = Debug|Any CPU
		{432F8576-759D-4046-A779-DB7A44F20729}.Debug|x86.Build.0 = Debug|Any CPU
		{432F8576-759D-4046-A779-DB7A44F20729}.Release|Any CPU.ActiveCfg = Release|Any CPU
		{432F8576-759D-4046-A779-DB7A44F20729}.Release|Any CPU.Build.0 = Release|Any CPU
		{432F8576-759D-4046-A779-DB7A44F20729}.Release|x64.ActiveCfg = Release|Any CPU
		{432F8576-759D-4046-A779-DB7A44F20729}.Release|x64.Build.0 = Release|Any CPU
		{432F8576-759D-4046-A779-DB7A44F20729}.Release|x86.ActiveCfg = Release|Any CPU
		{432F8576-759D-4046-A779-DB7A44F20729}.Release|x86.Build.0 = Release|Any CPU
		{23B95052-B6A3-4281-94E1-7203CBF00FDE}.Debug|Any CPU.ActiveCfg = Debug|Any CPU
		{23B95052-B6A3-4281-94E1-7203CBF00FDE}.Debug|Any CPU.Build.0 = Debug|Any CPU
		{23B95052-B6A3-4281-94E1-7203CBF00FDE}.Debug|x64.ActiveCfg = Debug|Any CPU
		{23B95052-B6A3-4281-94E1-7203CBF00FDE}.Debug|x64.Build.0 = Debug|Any CPU
		{23B95052-B6A3-4281-94E1-7203CBF00FDE}.Debug|x86.ActiveCfg = Debug|Any CPU
		{23B95052-B6A3-4281-94E1-7203CBF00FDE}.Debug|x86.Build.0 = Debug|Any CPU
		{23B95052-B6A3-4281-94E1-7203CBF00FDE}.Release|Any CPU.ActiveCfg = Release|Any CPU
		{23B95052-B6A3-4281-94E1-7203CBF00FDE}.Release|Any CPU.Build.0 = Release|Any CPU
		{23B95052-B6A3-4281-94E1-7203CBF00FDE}.Release|x64.ActiveCfg = Release|Any CPU
		{23B95052-B6A3-4281-94E1-7203CBF00FDE}.Release|x64.Build.0 = Release|Any CPU
		{23B95052-B6A3-4281-94E1-7203CBF00FDE}.Release|x86.ActiveCfg = Release|Any CPU
		{23B95052-B6A3-4281-94E1-7203CBF00FDE}.Release|x86.Build.0 = Release|Any CPU
	EndGlobalSection
	GlobalSection(SolutionProperties) = preSolution
		HideSolutionNode = FALSE
	EndGlobalSection
	GlobalSection(ExtensibilityGlobals) = postSolution
		SolutionGuid = {8ADF172A-E569-4DEC-A4DB-3727356C4B4E}
	EndGlobalSection
EndGlobal
